
Microsoft Visual Studio Solution File, Format Version 12.00
# Visual Studio Version 16
VisualStudioVersion = 16.0.31205.134
MinimumVisualStudioVersion = 10.0.40219.1
Project("{FAE04EC0-301F-11D3-BF4B-00C04F79EFBC}") = "RecipesASPCoreMVCWebApp", "RecipesASPCoreMVCWebApp.csproj", "{FA02B362-0766-47DE-B4F2-DB366A249659}"
EndProject
Global
	GlobalSection(SolutionConfigurationPlatforms) = preSolution
		Debug|Any CPU = Debug|Any CPU
		Release|Any CPU = Release|Any CPU
	EndGlobalSection
	GlobalSection(ProjectConfigurationPlatforms) = postSolution
		{FA02B362-0766-47DE-B4F2-DB366A249659}.Debug|Any CPU.ActiveCfg = Debug|Any CPU
		{FA02B362-0766-47DE-B4F2-DB366A249659}.Debug|Any CPU.Build.0 = Debug|Any CPU
		{FA02B362-0766-47DE-B4F2-DB366A249659}.Release|Any CPU.ActiveCfg = Release|Any CPU
		{FA02B362-0766-47DE-B4F2-DB366A249659}.Release|Any CPU.Build.0 = Release|Any CPU
	EndGlobalSection
	GlobalSection(SolutionProperties) = preSolution
		HideSolutionNode = FALSE
	EndGlobalSection
	GlobalSection(ExtensibilityGlobals) = postSolution
		SolutionGuid = {8315992F-33BE-4AC8-ABD5-81C19E870AA8}
	EndGlobalSection
EndGlobal
